
Microsoft Visual Studio Solution File, Format Version 12.00
# Visual Studio Version 16
VisualStudioVersion = 16.0.33529.622
MinimumVisualStudioVersion = 10.0.40219.1
Project("{FAE04EC0-301F-11D3-BF4B-00C04F79EFBC}") = "Project_Sportwear_Shop", "Project_Sportwear_Shop\Project_Sportwear_Shop.csproj", "{3244465D-4026-405B-9DBD-AD4C2ACA8170}"
EndProject
Project("{54435603-DBB4-11D2-8724-00A0C9A8B90C}") = "Setup", "Setup\Setup.vdproj", "{57532538-3829-4497-8338-E133DF179B97}"
EndProject
Global
	GlobalSection(SolutionConfigurationPlatforms) = preSolution
		Debug|Any CPU = Debug|Any CPU
		Release|Any CPU = Release|Any CPU
	EndGlobalSection
	GlobalSection(ProjectConfigurationPlatforms) = postSolution
		{3244465D-4026-405B-9DBD-AD4C2ACA8170}.Debug|Any CPU.ActiveCfg = Debug|Any CPU
		{3244465D-4026-405B-9DBD-AD4C2ACA8170}.Debug|Any CPU.Build.0 = Debug|Any CPU
		{3244465D-4026-405B-9DBD-AD4C2ACA8170}.Release|Any CPU.ActiveCfg = Release|Any CPU
		{3244465D-4026-405B-9DBD-AD4C2ACA8170}.Release|Any CPU.Build.0 = Release|Any CPU
		{57532538-3829-4497-8338-E133DF179B97}.Debug|Any CPU.ActiveCfg = Debug
		{57532538-3829-4497-8338-E133DF179B97}.Release|Any CPU.ActiveCfg = Release
	EndGlobalSection
	GlobalSection(SolutionProperties) = preSolution
		HideSolutionNode = FALSE
	EndGlobalSection
	GlobalSection(ExtensibilityGlobals) = postSolution
		SolutionGuid = {8CADFBC5-85E4-40B6-948D-680072582832}
	EndGlobalSection
EndGlobal
